github.com/Lochnair/go-patricia v2.3.3+incompatible h1:9O8xpwh39gpDb8NaOsznx2VdJIGSNrCSYzIFEgTfNdY=
github.com/Lochnair/go-patricia v2.3.3+incompatible/go.mod h1:4smCwhlAYFuBu0hWsZOF4+0tdvay2zflyV+hoR0XNGQ=
github.com/Telefonica/nfqueue v0.0.0-20180501174252-8b4dece6b781 h1:k2vvjvkrmApRBtBz7Klc+f7JWhKbgXx5C2kQYYQltVU=
github.com/Telefonica/nfqueue v0.0.0-20180501174252-8b4dece6b781/go.mod h1:9RhLhqlVUq+ugyVkMDWNa3DgXWz/MH/OM0CjvKh8/mk=
github.com/davecgh/go-spew v1.1.0 h1:ZDRjVQ15GmhC3fiQ8ni8+OwkZQO4DARzQgrnXU1Liz8=
github.com/davecgh/go-spew v1.1.0/go.mod h1:J7Y8YcW2NihsgmVo/mv3lAwl/skON4iLHjSsI+c5H38=
github.com/google/gopacket v1.1.16 h1:u6Afvia5C5srlLcbTwpHaFW918asLYPxieziOaWwz8M=
github.com/google/gopacket v1.1.16/go.mod h1:UCLx9mCmAwsVbn6qQl1WIEt2SO7Nd2fD0th1TBAsqBw=
github.com/pmezard/go-difflib v1.0.0 h1:4DBwDE0NGyQoBHbLQYPwSUPoCMWR5BEzIk/f1lZbAQM=
github.com/pmezard/go-difflib v1.0.0/go.mod h1:iKH77koFhYxTK1pcRnkKkqfTogsbg7gZNVY4sRDYZ/4=
github.com/shomali11/util v0.0.0-20180607005212-e0f70fd665ff h1:A47HTOEURe8GFXu/9ztnUzVgBBo0NlWoKmVPmfJ4LR8=
github.com/shomali11/util v0.0.0-20180607005212-e0f70fd665ff/go.mod h1:WWE2GJM9B5UpdOiwH2val10w/pvJ2cUUQOOA/4LgOng=
github.com/stretchr/objx v0.1.0/go.mod h1:HFkY916IF+rwdDfMAkV7OtwuqBVzrE8GR6GFx+wExME=
github.com/stretchr/testify v1.7.1 h1:5TQK59W5E3v0r2duFAb7P95B6hEeOyEnHRa8MjYSMTY=
github.com/stretchr/testify v1.7.1/go.mod h1:6Fq8oRcR53rry900zMqJjRRixrwX3KX962/h/Wwjteg=
golang.org/x/net v0.0.0-20190206173232-65e2d4e15006 h1:bfLnR+k0tq5Lqt6dflRLcZiz6UaXCMt3vhYJ1l4FQ80=
golang.org/x/net v0.0.0-20190206173232-65e2d4e15006/go.mod h1:mL1N/T3taQHkDXs73rZJwtUhF3w3ftmwwsq0BUmARs4=
golang.org/x/text v0.3.0 h1:g61tztE5qeGQ89tm6NTjjM9VPIm088od1l6aSorWRWg=
golang.org/x/text v0.3.0/go.mod h1:NqM8EUOU14njkJ3fqMW+pc6Ldnwhi/IjpwHt7yyuwOQ=
gopkg.in/check.v1 v0.0.0-20161208181325-20d25e280405/go.mod h1:Co6ibVJAznAaIkqp8huTwlJQCZ016jof/cbN4VW5Yz0=
gopkg.in/yaml.v3 v3.0.0-20200313102051-9f266ea9e77c h1:dUUwHk2QECo/6vqA44rthZ8ie2QXMNeKRTHCNY2nXvo=
gopkg.in/yaml.v3 v3.0.0-20200313102051-9f266ea9e77c/go.mod h1:K4uyk7z7BCEPqu6E+C64Yfv1cQ7kz7rIZviUmN+EgEM=
